# THIS IS AN AUTOGENERATED FILE. DO NOT EDIT THIS FILE DIRECTLY.
# yarn lockfile v1
abstract-leveldown@~0.12.1:
  version "0.12.4"
  resolved "https://registry.yarnpkg.com/abstract-leveldown/-/abstract-leveldown-0.12.4.tgz#29e18e632e60e4e221d5810247852a63d7b2e410"
  dependencies:
    xtend "~3.0.0"

bl@~0.8.1:
  version "0.8.2"
  resolved "https://registry.yarnpkg.com/bl/-/bl-0.8.2.tgz#c9b6bca08d1bc2ea00fc8afb4f1a5fd1e1c66e4e"
  dependencies:
    readable-stream "~1.0.26"

bytewise, bytewise@~1.1.0:
  version "1.1.0"
  resolved "https://registry.yarnpkg.com/bytewise/-/bytewise-1.1.0.tgz#1d13cbff717ae7158094aa881b35d081b387253e"
  dependencies:
    bytewise-core "^1.2.2"
    typewise "^1.0.3"

bytewise-core@^1.2.2:
  version "1.2.3"
  resolved "https://registry.yarnpkg.com/bytewise-core/-/bytewise-core-1.2.3.tgz#3fb410c7e91558eb1ab22a82834577aa6bd61d42"
  dependencies:
    typewise-core "^1.2"

core-util-is@~1.0.0:
  version "1.0.2"
  resolved "https://registry.yarnpkg.com/core-util-is/-/core-util-is-1.0.2.tgz#b5fd54220aa2bc5ab57aab7140c940754503c1a7"

deferred-leveldown@~0.2.0:
  version "0.2.0"
  resolved "https://registry.yarnpkg.com/deferred-leveldown/-/deferred-leveldown-0.2.0.tgz#2cef1f111e1c57870d8bbb8af2650e587cd2f5b4"
  dependencies:
    abstract-leveldown "~0.12.1"

errno@~0.1.1:
  version "0.1.4"
  resolved "https://registry.yarnpkg.com/errno/-/errno-0.1.4.tgz#b896e23a9e5e8ba33871fc996abd3635fc9a1c7d"
  dependencies:
    prr "~0.0.0"

inherits@~2.0.1:
  version "2.0.3"
  resolved "https://registry.yarnpkg.com/inherits/-/inherits-2.0.3.tgz#633c2c83e3da42a502f52466022480f4208261de"

isarray@0.0.1:
  version "0.0.1"
  resolved "https://registry.yarnpkg.com/isarray/-/isarray-0.0.1.tgz#8a18acfca9a8f4177e09abfc6038939b05d1eedf"

level-post@~1.0.3:
  version "1.0.5"
  resolved "https://registry.yarnpkg.com/level-post/-/level-post-1.0.5.tgz#2a66390409bf6a1621a444bab6f016444cc9802c"
  dependencies:
    ltgt "^2.1.2"

level-sublevel:
  version "6.6.1"
  resolved "https://registry.yarnpkg.com/level-sublevel/-/level-sublevel-6.6.1.tgz#f9a77f7521ab70a8f8e92ed56f21a3c7886a4485"
  dependencies:
    bytewise "~1.1.0"
    levelup "~0.19.0"
    ltgt "~2.1.1"
    pull-level "^2.0.3"
    pull-stream "^3.4.5"
    typewiselite "~1.0.0"
    xtend "~4.0.0"

levelup@~0.19.0:
  version "0.19.1"
  resolved "https://registry.yarnpkg.com/levelup/-/levelup-0.19.1.tgz#f3a6a7205272c4b5f35e412ff004a03a0aedf50b"
  dependencies:
    bl "~0.8.1"
    deferred-leveldown "~0.2.0"
    errno "~0.1.1"
    prr "~0.0.0"
    readable-stream "~1.0.26"
    semver "~5.1.0"
    xtend "~3.0.0"

looper@^2.0.0:
  version "2.0.0"
  resolved "https://registry.yarnpkg.com/looper/-/looper-2.0.0.tgz#66cd0c774af3d4fedac53794f742db56da8f09ec"

looper@^3.0.0:
  version "3.0.0"
  resolved "https://registry.yarnpkg.com/looper/-/looper-3.0.0.tgz#2efa54c3b1cbaba9b94aee2e5914b0be57fbb749"

ltgt@^2.1.2, ltgt@~2.1.1:
  version "2.1.3"
  resolved "https://registry.yarnpkg.com/ltgt/-/ltgt-2.1.3.tgz#10851a06d9964b971178441c23c9e52698eece34"

prr@~0.0.0:
  version "0.0.0"
  resolved "https://registry.yarnpkg.com/prr/-/prr-0.0.0.tgz#1a84b85908325501411853d0081ee3fa86e2926a"

pull-cat@^1.1.9:
  version "1.1.11"
  resolved "https://registry.yarnpkg.com/pull-cat/-/pull-cat-1.1.11.tgz#b642dd1255da376a706b6db4fa962f5fdb74c31b"

pull-level@^2.0.3:
  version "2.0.3"
  resolved "https://registry.yarnpkg.com/pull-level/-/pull-level-2.0.3.tgz#9500635e257945d6feede185f5d7a24773455b17"
  dependencies:
    level-post "~1.0.3"
    pull-cat "^1.1.9"
    pull-live "^1.0.1"
    pull-pushable "^2.0.0"
    pull-stream "^3.4.0"
    pull-window "^2.1.4"
    stream-to-pull-stream "^1.7.1"

pull-live@^1.0.1:
  version "1.0.1"
  resolved "https://registry.yarnpkg.com/pull-live/-/pull-live-1.0.1.tgz#a4ecee01e330155e9124bbbcf4761f21b38f51f5"
  dependencies:
    pull-cat "^1.1.9"
    pull-stream "^3.4.0"

pull-pushable@^2.0.0:
  version "2.0.1"
  resolved "https://registry.yarnpkg.com/pull-pushable/-/pull-pushable-2.0.1.tgz#02bdca51a39cf585f483fbecde2fc9378076f212"

pull-stream@^3.2.3, pull-stream@^3.4.0, pull-stream@^3.4.5:
  version "3.5.0"
  resolved "https://registry.yarnpkg.com/pull-stream/-/pull-stream-3.5.0.tgz#1ee5b6f76fd3b3a49a5afb6ded5c0320acb3cfc7"

pull-window@^2.1.4:
  version "2.1.4"
  resolved "https://registry.yarnpkg.com/pull-window/-/pull-window-2.1.4.tgz#fc3b86feebd1920c7ae297691e23f705f88552f0"
  dependencies:
    looper "^2.0.0"

readable-stream@~1.0.26:
  version "1.0.34"
  resolved "https://registry.yarnpkg.com/readable-stream/-/readable-stream-1.0.34.tgz#125820e34bc842d2f2aaafafe4c2916ee32c157c"
  dependencies:
    core-util-is "~1.0.0"
    inherits "~2.0.1"
    isarray "0.0.1"
    string_decoder "~0.10.x"

semver@~5.1.0:
  version "5.1.1"
  resolved "https://registry.yarnpkg.com/semver/-/semver-5.1.1.tgz#a3292a373e6f3e0798da0b20641b9a9c5bc47e19"

stream-to-pull-stream@^1.7.1:
  version "1.7.2"
  resolved "https://registry.yarnpkg.com/stream-to-pull-stream/-/stream-to-pull-stream-1.7.2.tgz#757609ae1cebd33c7432d4afbe31ff78650b9dde"
  dependencies:
    looper "^3.0.0"
    pull-stream "^3.2.3"

string_decoder@~0.10.x:
  version "0.10.31"
  resolved "https://registry.yarnpkg.com/string_decoder/-/string_decoder-0.10.31.tgz#62e203bc41766c6c28c9fc84301dab1c5310fa94"

typewise-core@^1.2, typewise-core@^1.2.0:
  version "1.2.0"
  resolved "https://registry.yarnpkg.com/typewise-core/-/typewise-core-1.2.0.tgz#97eb91805c7f55d2f941748fa50d315d991ef195"

typewise@^1.0.3:
  version "1.0.3"
  resolved "https://registry.yarnpkg.com/typewise/-/typewise-1.0.3.tgz#1067936540af97937cc5dcf9922486e9fa284651"
  dependencies:
    typewise-core "^1.2.0"

typewiselite@~1.0.0:
  version "1.0.0"
  resolved "https://registry.yarnpkg.com/typewiselite/-/typewiselite-1.0.0.tgz#c8882fa1bb1092c06005a97f34ef5c8508e3664e"

uuid:
  version "3.0.1"
  resolved "https://registry.yarnpkg.com/uuid/-/uuid-3.0.1.tgz#6544bba2dfda8c1cf17e629a3a305e2bb1fee6c1"

xtend@~3.0.0:
  version "3.0.0"
  resolved "https://registry.yarnpkg.com/xtend/-/xtend-3.0.0.tgz#5cce7407baf642cba7becda568111c493f59665a"

xtend@~4.0.0:
  version "4.0.1"
  resolved "https://registry.yarnpkg.com/xtend/-/xtend-4.0.1.tgz#a5c6d532be656e23db820efb943a1f04998d63af"

